// !$*UTF8*$!
{
	archiveVersion = 1;
	classes = {
	};
	objectVersion = 50;
	objects = {

/* Begin PBXBuildFile section */
		447BD00A25F669B900AF55B1 /* AppDelegate.swift in Sources */ = {isa = PBXBuildFile; fileRef = 447BD00925F669B900AF55B1 /* AppDelegate.swift */; };
		447BD00C25F669B900AF55B1 /* SceneDelegate.swift in Sources */ = {isa = PBXBuildFile; fileRef = 447BD00B25F669B900AF55B1 /* SceneDelegate.swift */; };
		447BD01125F669B900AF55B1 /* Main.storyboard in Resources */ = {isa = PBXBuildFile; fileRef = 447BD00F25F669B900AF55B1 /* Main.storyboard */; };
		447BD01325F669BC00AF55B1 /* Assets.xcassets in Resources */ = {isa = PBXBuildFile; fileRef = 447BD01225F669BC00AF55B1 /* Assets.xcassets */; };
		447BD01625F669BC00AF55B1 /* LaunchScreen.storyboard in Resources */ = {isa = PBXBuildFile; fileRef = 447BD01425F669BC00AF55B1 /* LaunchScreen.storyboard */; };
		447BD02125F669BC00AF55B1 /* groceryListTests.swift in Sources */ = {isa = PBXBuildFile; fileRef = 447BD02025F669BC00AF55B1 /* groceryListTests.swift */; };
		447BD02C25F669BC00AF55B1 /* groceryListUITests.swift in Sources */ = {isa = PBXBuildFile; fileRef = 447BD02B25F669BC00AF55B1 /* groceryListUITests.swift */; };
		447BD04025F678E300AF55B1 /* GroceriesTableViewController.swift in Sources */ = {isa = PBXBuildFile; fileRef = 447BD03F25F678E300AF55B1 /* GroceriesTableViewController.swift */; };
/* End PBXBuildFile section */

/* Begin PBXContainerItemProxy section */
		447BD01D25F669BC00AF55B1 /* PBXContainerItemProxy */ = {
			isa = PBXContainerItemProxy;
			containerPortal = 447BCFFE25F669B900AF55B1 /* Project object */;
			proxyType = 1;
			remoteGlobalIDString = 447BD00525F669B900AF55B1;
			remoteInfo = groceryList;
		};
		447BD02825F669BC00AF55B1 /* PBXContainerItemProxy */ = {
			isa = PBXContainerItemProxy;
			containerPortal = 447BCFFE25F669B900AF55B1 /* Project object */;
			proxyType = 1;
			remoteGlobalIDString = 447BD00525F669B900AF55B1;
			remoteInfo = groceryList;
		};
/* End PBXContainerItemProxy section */

/* Begin PBXFileReference section */
		447BD00625F669B900AF55B1 /* groceryList.app */ = {isa = PBXFileReference; explicitFileType = wrapper.application; includeInIndex = 0; path = groceryList.app; sourceTree = BUILT_PRODUCTS_DIR; };
		447BD00925F669B900AF55B1 /* AppDelegate.swift */ = {isa = PBXFileReference; lastKnownFileType = sourcecode.swift; path = AppDelegate.swift; sourceTree = "<group>"; };
		447BD00B25F669B900AF55B1 /* SceneDelegate.swift */ = {isa = PBXFileReference; lastKnownFileType = sourcecode.swift; path = SceneDelegate.swift; sourceTree = "<group>"; };
		447BD01025F669B900AF55B1 /* Base */ = {isa = PBXFileReference; lastKnownFileType = file.storyboard; name = Base; path = Base.lproj/Main.storyboard; sourceTree = "<group>"; };
		447BD01225F669BC00AF55B1 /* Assets.xcassets */ = {isa = PBXFileReference; lastKnownFileType = folder.assetcatalog; path = Assets.xcassets; sourceTree = "<group>"; };
		447BD01525F669BC00AF55B1 /* Base */ = {isa = PBXFileReference; lastKnownFileType = file.storyboard; name = Base; path = Base.lproj/LaunchScreen.storyboard; sourceTree = "<group>"; };
		447BD01725F669BC00AF55B1 /* Info.plist */ = {isa = PBXFileReference; lastKnownFileType = text.plist.xml; path = Info.plist; sourceTree = "<group>"; };
		447BD01C25F669BC00AF55B1 /* groceryListTests.xctest */ = {isa = PBXFileReference; explicitFileType = wrapper.cfbundle; includeInIndex = 0; path = groceryListTests.xctest; sourceTree = BUILT_PRODUCTS_DIR; };
		447BD02025F669BC00AF55B1 /* groceryListTests.swift */ = {isa = PBXFileReference; lastKnownFileType = sourcecode.swift; path = groceryListTests.swift; sourceTree = "<group>"; };
		447BD02225F669BC00AF55B1 /* Info.plist */ = {isa = PBXFileReference; lastKnownFileType = text.plist.xml; path = Info.plist; sourceTree = "<group>"; };
		447BD02725F669BC00AF55B1 /* groceryListUITests.xctest */ = {isa = PBXFileReference; explicitFileType = wrapper.cfbundle; includeInIndex = 0; path = groceryListUITests.xctest; sourceTree = BUILT_PRODUCTS_DIR; };
		447BD02B25F669BC00AF55B1 /* groceryListUITests.swift */ = {isa = PBXFileReference; lastKnownFileType = sourcecode.swift; path = groceryListUITests.swift; sourceTree = "<group>"; };
		447BD02D25F669BC00AF55B1 /* Info.plist */ = {isa = PBXFileReference; lastKnownFileType = text.plist.xml; path = Info.plist; sourceTree = "<group>"; };
		447BD03F25F678E300AF55B1 /* GroceriesTableViewController.swift */ = {isa = PBXFileReference; lastKnownFileType = sourcecode.swift; path = GroceriesTableViewController.swift; sourceTree = "<group>"; };
/* End PBXFileReference section */

/* Begin PBXFrameworksBuildPhase section */
		447BD00325F669B900AF55B1 /* Frameworks */ = {
			isa = PBXFrameworksBuildPhase;
			buildActionMask = 2147483647;
			files = (
			);
			runOnlyForDeploymentPostprocessing = 0;
		};
		447BD01925F669BC00AF55B1 /* Frameworks */ = {
			isa = PBXFrameworksBuildPhase;
			buildActionMask = 2147483647;
			files = (
			);
			runOnlyForDeploymentPostprocessing = 0;
		};
		447BD02425F669BC00AF55B1 /* Frameworks */ = {
			isa = PBXFrameworksBuildPhase;
			buildActionMask = 2147483647;
			files = (
			);
			runOnlyForDeploymentPostprocessing = 0;
		};
/* End PBXFrameworksBuildPhase section */

/* Begin PBXGroup section */
		447BCFFD25F669B900AF55B1 = {
			isa = PBXGroup;
			children = (
				447BD00825F669B900AF55B1 /* groceryList */,
				447BD01F25F669BC00AF55B1 /* groceryListTests */,
				447BD02A25F669BC00AF55B1 /* groceryListUITests */,
				447BD00725F669B900AF55B1 /* Products */,
			);
			sourceTree = "<group>";
		};
		447BD00725F669B900AF55B1 /* Products */ = {
			isa = PBXGroup;
			children = (
				447BD00625F669B900AF55B1 /* groceryList.app */,
				447BD01C25F669BC00AF55B1 /* groceryListTests.xctest */,
				447BD02725F669BC00AF55B1 /* groceryListUITests.xctest */,
			);
			name = Products;
			sourceTree = "<group>";
		};
		447BD00825F669B900AF55B1 /* groceryList */ = {
			isa = PBXGroup;
			children = (
				447BD00925F669B900AF55B1 /* AppDelegate.swift */,
				447BD00B25F669B900AF55B1 /* SceneDelegate.swift */,
				447BD00F25F669B900AF55B1 /* Main.storyboard */,
				447BD03F25F678E300AF55B1 /* GroceriesTableViewController.swift */,
				447BD01225F669BC00AF55B1 /* Assets.xcassets */,
				447BD01425F669BC00AF55B1 /* LaunchScreen.storyboard */,
				447BD01725F669BC00AF55B1 /* Info.plist */,
			);
			path = groceryList;
			sourceTree = "<group>";
		};
		447BD01F25F669BC00AF55B1 /* groceryListTests */ = {
			isa = PBXGroup;
			children = (
				447BD02025F669BC00AF55B1 /* groceryListTests.swift */,
				447BD02225F669BC00AF55B1 /* Info.plist */,
			);
			path = groceryListTests;
			sourceTree = "<group>";
		};
		447BD02A25F669BC00AF55B1 /* groceryListUITests */ = {
			isa = PBXGroup;
			children = (
				447BD02B25F669BC00AF55B1 /* groceryListUITests.swift */,
				447BD02D25F669BC00AF55B1 /* Info.plist */,
			);
			path = groceryListUITests;
			sourceTree = "<group>";
		};
/* End PBXGroup section */

/* Begin PBXNativeTarget section */
		447BD00525F669B900AF55B1 /* groceryList */ = {
			isa = PBXNativeTarget;
			buildConfigurationList = 447BD03025F669BC00AF55B1 /* Build configuration list for PBXNativeTarget "groceryList" */;
			buildPhases = (
				447BD00225F669B900AF55B1 /* Sources */,
				447BD00325F669B900AF55B1 /* Frameworks */,
				447BD00425F669B900AF55B1 /* Resources */,
			);
			buildRules = (
			);
			dependencies = (
			);
			name = groceryList;
			productName = groceryList;
			productReference = 447BD00625F669B900AF55B1 /* groceryList.app */;
			productType = "com.apple.product-type.application";
		};
		447BD01B25F669BC00AF55B1 /* groceryListTests */ = {
			isa = PBXNativeTarget;
			buildConfigurationList = 447BD03325F669BC00AF55B1 /* Build configuration list for PBXNativeTarget "groceryListTests" */;
			buildPhases = (
				447BD01825F669BC00AF55B1 /* Sources */,
				447BD01925F669BC00AF55B1 /* Frameworks */,
				447BD01A25F669BC00AF55B1 /* Resources */,
			);
			buildRules = (
			);
			dependencies = (
				447BD01E25F669BC00AF55B1 /* PBXTargetDependency */,
			);
			name = groceryListTests;
			productName = groceryListTests;
			productReference = 447BD01C25F669BC00AF55B1 /* groceryListTests.xctest */;
			productType = "com.apple.product-type.bundle.unit-test";
		};
		447BD02625F669BC00AF55B1 /* groceryListUITests */ = {
			isa = PBXNativeTarget;
			buildConfigurationList = 447BD03625F669BC00AF55B1 /* Build configuration list for PBXNativeTarget "groceryListUITests" */;
			buildPhases = (
				447BD02325F669BC00AF55B1 /* Sources */,
				447BD02425F669BC00AF55B1 /* Frameworks */,
				447BD02525F669BC00AF55B1 /* Resources */,
			);
			buildRules = (
			);
			dependencies = (
				447BD02925F669BC00AF55B1 /* PBXTargetDependency */,
			);
			name = groceryListUITests;
			productName = groceryListUITests;
			productReference = 447BD02725F669BC00AF55B1 /* groceryListUITests.xctest */;
			productType = "com.apple.product-type.bundle.ui-testing";
		};
/* End PBXNativeTarget section */

/* Begin PBXProject section */
		447BCFFE25F669B900AF55B1 /* Project object */ = {
			isa = PBXProject;
			attributes = {
				LastSwiftUpdateCheck = 1230;
				LastUpgradeCheck = 1230;
				TargetAttributes = {
					447BD00525F669B900AF55B1 = {
						CreatedOnToolsVersion = 12.3;
					};
					447BD01B25F669BC00AF55B1 = {
						CreatedOnToolsVersion = 12.3;
						TestTargetID = 447BD00525F669B900AF55B1;
					};
					447BD02625F669BC00AF55B1 = {
						CreatedOnToolsVersion = 12.3;
						TestTargetID = 447BD00525F669B900AF55B1;
					};
				};
			};
			buildConfigurationList = 447BD00125F669B900AF55B1 /* Build configuration list for PBXProject "groceryList" */;
			compatibilityVersion = "Xcode 9.3";
			developmentRegion = en;
			hasScannedForEncodings = 0;
			knownRegions = (
				en,
				Base,
			);
			mainGroup = 447BCFFD25F669B900AF55B1;
			productRefGroup = 447BD00725F669B900AF55B1 /* Products */;
			projectDirPath = "";
			projectRoot = "";
			targets = (
				447BD00525F669B900AF55B1 /* groceryList */,
				447BD01B25F669BC00AF55B1 /* groceryListTests */,
				447BD02625F669BC00AF55B1 /* groceryListUITests */,
			);
		};
/* End PBXProject section */

/* Begin PBXResourcesBuildPhase section */
		447BD00425F669B900AF55B1 /* Resources */ = {
			isa = PBXResourcesBuildPhase;
			buildActionMask = 2147483647;
			files = (
				447BD01625F669BC00AF55B1 /* LaunchScreen.storyboard in Resources */,
				447BD01325F669BC00AF55B1 /* Assets.xcassets in Resources */,
				447BD01125F669B900AF55B1 /* Main.storyboard in Resources */,
			);
			runOnlyForDeploymentPostprocessing = 0;
		};
		447BD01A25F669BC00AF55B1 /* Resources */ = {
			isa = PBXResourcesBuildPhase;
			buildActionMask = 2147483647;
			files = (
			);
			runOnlyForDeploymentPostprocessing = 0;
		};
		447BD02525F669BC00AF55B1 /* Resources */ = {
			isa = PBXResourcesBuildPhase;
			buildActionMask = 2147483647;
			files = (
			);
			runOnlyForDeploymentPostprocessing = 0;
		};
/* End PBXResourcesBuildPhase section */

/* Begin PBXSourcesBuildPhase section */
		447BD00225F669B900AF55B1 /* Sources */ = {
			isa = PBXSourcesBuildPhase;
			buildActionMask = 2147483647;
			files = (
				447BD00A25F669B900AF55B1 /* AppDelegate.swift in Sources */,
				447BD00C25F669B900AF55B1 /* SceneDelegate.swift in Sources */,
				447BD04025F678E300AF55B1 /* GroceriesTableViewController.swift in Sources */,
			);
			runOnlyForDeploymentPostprocessing = 0;
		};
		447BD01825F669BC00AF55B1 /* Sources */ = {
			isa = PBXSourcesBuildPhase;
			buildActionMask = 2147483647;
			files = (
				447BD02125F669BC00AF55B1 /* groceryListTests.swift in Sources */,
			);
			runOnlyForDeploymentPostprocessing = 0;
		};
		447BD02325F669BC00AF55B1 /* Sources */ = {
			isa = PBXSourcesBuildPhase;
			buildActionMask = 2147483647;
			files = (
				447BD02C25F669BC00AF55B1 /* groceryListUITests.swift in Sources */,
			);
			runOnlyForDeploymentPostprocessing = 0;
		};
/* End PBXSourcesBuildPhase section */

/* Begin PBXTargetDependency section */
		447BD01E25F669BC00AF55B1 /* PBXTargetDependency */ = {
			isa = PBXTargetDependency;
			target = 447BD00525F669B900AF55B1 /* groceryList */;
			targetProxy = 447BD01D25F669BC00AF55B1 /* PBXContainerItemProxy */;
		};
		447BD02925F669BC00AF55B1 /* PBXTargetDependency */ = {
			isa = PBXTargetDependency;
			target = 447BD00525F669B900AF55B1 /* groceryList */;
			targetProxy = 447BD02825F669BC00AF55B1 /* PBXContainerItemProxy */;
		};
/* End PBXTargetDependency section */

/* Begin PBXVariantGroup section */
		447BD00F25F669B900AF55B1 /* Main.storyboard */ = {
			isa = PBXVariantGroup;
			children = (
				447BD01025F669B900AF55B1 /* Base */,
			);
			name = Main.storyboard;
			sourceTree = "<group>";
		};
		447BD01425F669BC00AF55B1 /* LaunchScreen.storyboard */ = {
			isa = PBXVariantGroup;
			children = (
				447BD01525F669BC00AF55B1 /* Base */,
			);
			name = LaunchScreen.storyboard;
			sourceTree = "<group>";
		};
/* End PBXVariantGroup section */

/* Begin XCBuildConfiguration section */
		447BD02E25F669BC00AF55B1 /* Debug */ = {
			isa = XCBuildConfiguration;
			buildSettings = {
				ALWAYS_SEARCH_USER_PATHS = NO;
				CLANG_ANALYZER_NONNULL = YES;
				CLANG_ANALYZER_NUMBER_OBJECT_CONVERSION = YES_AGGRESSIVE;
				CLANG_CXX_LANGUAGE_STANDARD = "gnu++14";
				CLANG_CXX_LIBRARY = "libc++";
				CLANG_ENABLE_MODULES = YES;
				CLANG_ENABLE_OBJC_ARC = YES;
				CLANG_ENABLE_OBJC_WEAK = YES;
				CLANG_WARN_BLOCK_CAPTURE_AUTORELEASING = YES;
				CLANG_WARN_BOOL_CONVERSION = YES;
				CLANG_WARN_COMMA = YES;
				CLANG_WARN_CONSTANT_CONVERSION = YES;
				CLANG_WARN_DEPRECATED_OBJC_IMPLEMENTATIONS = YES;
				CLANG_WARN_DIRECT_OBJC_ISA_USAGE = YES_ERROR;
				CLANG_WARN_DOCUMENTATION_COMMENTS = YES;
				CLANG_WARN_EMPTY_BODY = YES;
				CLANG_WARN_ENUM_CONVERSION = YES;
				CLANG_WARN_INFINITE_RECURSION = YES;
				CLANG_WARN_INT_CONVERSION = YES;
				CLANG_WARN_NON_LITERAL_NULL_CONVERSION = YES;
				CLANG_WARN_OBJC_IMPLICIT_RETAIN_SELF = YES;
				CLANG_WARN_OBJC_LITERAL_CONVERSION = YES;
				CLANG_WARN_OBJC_ROOT_CLASS = YES_ERROR;
				CLANG_WARN_QUOTED_INCLUDE_IN_FRAMEWORK_HEADER = YES;
				CLANG_WARN_RANGE_LOOP_ANALYSIS = YES;
				CLANG_WARN_STRICT_PROTOTYPES = YES;
				CLANG_WARN_SUSPICIOUS_MOVE = YES;
				CLANG_WARN_UNGUARDED_AVAILABILITY = YES_AGGRESSIVE;
				CLANG_WARN_UNREACHABLE_CODE = YES;
				CLANG_WARN__DUPLICATE_METHOD_MATCH = YES;
				COPY_PHASE_STRIP = NO;
				DEBUG_INFORMATION_FORMAT = dwarf;
				ENABLE_STRICT_OBJC_MSGSEND = YES;
				ENABLE_TESTABILITY = YES;
				GCC_C_LANGUAGE_STANDARD = gnu11;
				GCC_DYNAMIC_NO_PIC = NO;
				GCC_NO_COMMON_BLOCKS = YES;
				GCC_OPTIMIZATION_LEVEL = 0;
				GCC_PREPROCESSOR_DEFINITIONS = (
					"DEBUG=1",
					"$(inherited)",
				);
				GCC_WARN_64_TO_32_BIT_CONVERSION = YES;
				GCC_WARN_ABOUT_RETURN_TYPE = YES_ERROR;
				GCC_WARN_UNDECLARED_SELECTOR = YES;
				GCC_WARN_UNINITIALIZED_AUTOS = YES_AGGRESSIVE;
				GCC_WARN_UNUSED_FUNCTION = YES;
				GCC_WARN_UNUSED_VARIABLE = YES;
				IPHONEOS_DEPLOYMENT_TARGET = 14.3;
				MTL_ENABLE_DEBUG_INFO = INCLUDE_SOURCE;
				MTL_FAST_MATH = YES;
				ONLY_ACTIVE_ARCH = YES;
				SDKROOT = iphoneos;
				SWIFT_ACTIVE_COMPILATION_CONDITIONS = DEBUG;
				SWIFT_OPTIMIZATION_LEVEL = "-Onone";
			};
			name = Debug;
		};
		447BD02F25F669BC00AF55B1 /* Release */ = {
			isa = XCBuildConfiguration;
			buildSettings = {
				ALWAYS_SEARCH_USER_PATHS = NO;
				CLANG_ANALYZER_NONNULL = YES;
				CLANG_ANALYZER_NUMBER_OBJECT_CONVERSION = YES_AGGRESSIVE;
				CLANG_CXX_LANGUAGE_STANDARD = "gnu++14";
				CLANG_CXX_LIBRARY = "libc++";
				CLANG_ENABLE_MODULES = YES;
				CLANG_ENABLE_OBJC_ARC = YES;
				CLANG_ENABLE_OBJC_WEAK = YES;
				CLANG_WARN_BLOCK_CAPTURE_AUTORELEASING = YES;
				CLANG_WARN_BOOL_CONVERSION = YES;
				CLANG_WARN_COMMA = YES;
				CLANG_WARN_CONSTANT_CONVERSION = YES;
				CLANG_WARN_DEPRECATED_OBJC_IMPLEMENTATIONS = YES;
				CLANG_WARN_DIRECT_OBJC_ISA_USAGE = YES_ERROR;
				CLANG_WARN_DOCUMENTATION_COMMENTS = YES;
				CLANG_WARN_EMPTY_BODY = YES;
				CLANG_WARN_ENUM_CONVERSION = YES;
				CLANG_WARN_INFINITE_RECURSION = YES;
				CLANG_WARN_INT_CONVERSION = YES;
				CLANG_WARN_NON_LITERAL_NULL_CONVERSION = YES;
				CLANG_WARN_OBJC_IMPLICIT_RETAIN_SELF = YES;
				CLANG_WARN_OBJC_LITERAL_CONVERSION = YES;
				CLANG_WARN_OBJC_ROOT_CLASS = YES_ERROR;
				CLANG_WARN_QUOTED_INCLUDE_IN_FRAMEWORK_HEADER = YES;
				CLANG_WARN_RANGE_LOOP_ANALYSIS = YES;
				CLANG_WARN_STRICT_PROTOTYPES = YES;
				CLANG_WARN_SUSPICIOUS_MOVE = YES;
				CLANG_WARN_UNGUARDED_AVAILABILITY = YES_AGGRESSIVE;
				CLANG_WARN_UNREACHABLE_CODE = YES;
				CLANG_WARN__DUPLICATE_METHOD_MATCH = YES;
				COPY_PHASE_STRIP = NO;
				DEBUG_INFORMATION_FORMAT = "dwarf-with-dsym";
				ENABLE_NS_ASSERTIONS = NO;
				ENABLE_STRICT_OBJC_MSGSEND = YES;
				GCC_C_LANGUAGE_STANDARD = gnu11;
				GCC_NO_COMMON_BLOCKS = YES;
				GCC_WARN_64_TO_32_BIT_CONVERSION = YES;
				GCC_WARN_ABOUT_RETURN_TYPE = YES_ERROR;
				GCC_WARN_UNDECLARED_SELECTOR = YES;
				GCC_WARN_UNINITIALIZED_AUTOS = YES_AGGRESSIVE;
				GCC_WARN_UNUSED_FUNCTION = YES;
				GCC_WARN_UNUSED_VARIABLE = YES;
				IPHONEOS_DEPLOYMENT_TARGET = 14.3;
				MTL_ENABLE_DEBUG_INFO = NO;
				MTL_FAST_MATH = YES;
				SDKROOT = iphoneos;
				SWIFT_COMPILATION_MODE = wholemodule;
				SWIFT_OPTIMIZATION_LEVEL = "-O";
				VALIDATE_PRODUCT = YES;
			};
			name = Release;
		};
		447BD03125F669BC00AF55B1 /* Debug */ = {
			isa = XCBuildConfiguration;
			buildSettings = {
				ASSETCATALOG_COMPILER_APPICON_NAME = AppIcon;
				ASSETCATALOG_COMPILER_GLOBAL_ACCENT_COLOR_NAME = AccentColor;
				CODE_SIGN_STYLE = Automatic;
				DEVELOPMENT_TEAM = JWRYL7TNCU;
				INFOPLIST_FILE = groceryList/Info.plist;
				LD_RUNPATH_SEARCH_PATHS = (
					"$(inherited)",
					"@executable_path/Frameworks",
				);
				PRODUCT_BUNDLE_IDENTIFIER = edu.binghamton.groceryList;
				PRODUCT_NAME = "$(TARGET_NAME)";
				SWIFT_VERSION = 5.0;
				TARGETED_DEVICE_FAMILY = "1,2";
			};
			name = Debug;
		};
		447BD03225F669BC00AF55B1 /* Release */ = {
			isa = XCBuildConfiguration;
			buildSettings = {
				ASSETCATALOG_COMPILER_APPICON_NAME = AppIcon;
				ASSETCATALOG_COMPILER_GLOBAL_ACCENT_COLOR_NAME = AccentColor;
				CODE_SIGN_STYLE = Automatic;
				DEVELOPMENT_TEAM = JWRYL7TNCU;
				INFOPLIST_FILE = groceryList/Info.plist;
				LD_RUNPATH_SEARCH_PATHS = (
					"$(inherited)",
					"@executable_path/Frameworks",
				);
				PRODUCT_BUNDLE_IDENTIFIER = edu.binghamton.groceryList;
				PRODUCT_NAME = "$(TARGET_NAME)";
				SWIFT_VERSION = 5.0;
				TARGETED_DEVICE_FAMILY = "1,2";
			};
			name = Release;
		};
		447BD03425F669BC00AF55B1 /* Debug */ = {
			isa = XCBuildConfiguration;
			buildSettings = {
				ALWAYS_EMBED_SWIFT_STANDARD_LIBRARIES = YES;
				BUNDLE_LOADER = "$(TEST_HOST)";
				CODE_SIGN_STYLE = Automatic;
				DEVELOPMENT_TEAM = JWRYL7TNCU;
				INFOPLIST_FILE = groceryListTests/Info.plist;
				IPHONEOS_DEPLOYMENT_TARGET = 14.3;
				LD_RUNPATH_SEARCH_PATHS = (
					"$(inherited)",
					"@executable_path/Frameworks",
					"@loader_path/Frameworks",
				);
				PRODUCT_BUNDLE_IDENTIFIER = edu.binghamton.groceryListTests;
				PRODUCT_NAME = "$(TARGET_NAME)";
				SWIFT_VERSION = 5.0;
				TARGETED_DEVICE_FAMILY = "1,2";
				TEST_HOST = "$(BUILT_PRODUCTS_DIR)/groceryList.app/groceryList";
			};
			name = Debug;
		};
		447BD03525F669BC00AF55B1 /* Release */ = {
			isa = XCBuildConfiguration;
			buildSettings = {
				ALWAYS_EMBED_SWIFT_STANDARD_LIBRARIES = YES;
				BUNDLE_LOADER = "$(TEST_HOST)";
				CODE_SIGN_STYLE = Automatic;
				DEVELOPMENT_TEAM = JWRYL7TNCU;
				INFOPLIST_FILE = groceryListTests/Info.plist;
				IPHONEOS_DEPLOYMENT_TARGET = 14.3;
				LD_RUNPATH_SEARCH_PATHS = (
					"$(inherited)",
					"@executable_path/Frameworks",
					"@loader_path/Frameworks",
				);
				PRODUCT_BUNDLE_IDENTIFIER = edu.binghamton.groceryListTests;
				PRODUCT_NAME = "$(TARGET_NAME)";
				SWIFT_VERSION = 5.0;
				TARGETED_DEVICE_FAMILY = "1,2";
				TEST_HOST = "$(BUILT_PRODUCTS_DIR)/groceryList.app/groceryList";
			};
			name = Release;
		};
		447BD03725F669BC00AF55B1 /* Debug */ = {
			isa = XCBuildConfiguration;
			buildSettings = {
				ALWAYS_EMBED_SWIFT_STANDARD_LIBRARIES = YES;
				CODE_SIGN_STYLE = Automatic;
				DEVELOPMENT_TEAM = JWRYL7TNCU;
				INFOPLIST_FILE = groceryListUITests/Info.plist;
				LD_RUNPATH_SEARCH_PATHS = (
					"$(inherited)",
					"@executable_path/Frameworks",
					"@loader_path/Frameworks",
				);
				PRODUCT_BUNDLE_IDENTIFIER = edu.binghamton.groceryListUITests;
				PRODUCT_NAME = "$(TARGET_NAME)";
				SWIFT_VERSION = 5.0;
				TARGETED_DEVICE_FAMILY = "1,2";
				TEST_TARGET_NAME = groceryList;
			};
			name = Debug;
		};
		447BD03825F669BC00AF55B1 /* Release */ = {
			isa = XCBuildConfiguration;
			buildSettings = {
				ALWAYS_EMBED_SWIFT_STANDARD_LIBRARIES = YES;
				CODE_SIGN_STYLE = Automatic;
				DEVELOPMENT_TEAM = JWRYL7TNCU;
				INFOPLIST_FILE = groceryListUITests/Info.plist;
				LD_RUNPATH_SEARCH_PATHS = (
					"$(inherited)",
					"@executable_path/Frameworks",
					"@loader_path/Frameworks",
				);
				PRODUCT_BUNDLE_IDENTIFIER = edu.binghamton.groceryListUITests;
				PRODUCT_NAME = "$(TARGET_NAME)";
				SWIFT_VERSION = 5.0;
				TARGETED_DEVICE_FAMILY = "1,2";
				TEST_TARGET_NAME = groceryList;
			};
			name = Release;
		};
/* End XCBuildConfiguration section */

/* Begin XCConfigurationList section */
		447BD00125F669B900AF55B1 /* Build configuration list for PBXProject "groceryList" */ = {
			isa = XCConfigurationList;
			buildConfigurations = (
				447BD02E25F669BC00AF55B1 /* Debug */,
				447BD02F25F669BC00AF55B1 /* Release */,
			);
			defaultConfigurationIsVisible = 0;
			defaultConfigurationName = Release;
		};
		447BD03025F669BC00AF55B1 /* Build configuration list for PBXNativeTarget "groceryList" */ = {
			isa = XCConfigurationList;
			buildConfigurations = (
				447BD03125F669BC00AF55B1 /* Debug */,
				447BD03225F669BC00AF55B1 /* Release */,
			);
			defaultConfigurationIsVisible = 0;
			defaultConfigurationName = Release;
		};
		447BD03325F669BC00AF55B1 /* Build configuration list for PBXNativeTarget "groceryListTests" */ = {
			isa = XCConfigurationList;
			buildConfigurations = (
				447BD03425F669BC00AF55B1 /* Debug */,
				447BD03525F669BC00AF55B1 /* Release */,
			);
			defaultConfigurationIsVisible = 0;
			defaultConfigurationName = Release;
		};
		447BD03625F669BC00AF55B1 /* Build configuration list for PBXNativeTarget "groceryListUITests" */ = {
			isa = XCConfigurationList;
			buildConfigurations = (
				447BD03725F669BC00AF55B1 /* Debug */,
				447BD03825F669BC00AF55B1 /* Release */,
			);
			defaultConfigurationIsVisible = 0;
			defaultConfigurationName = Release;
		};
/* End XCConfigurationList section */
	};
	rootObject = 447BCFFE25F669B900AF55B1 /* Project object */;
}
